
Microsoft Visual Studio Solution File, Format Version 12.00
# Visual Studio Version 17
VisualStudioVersion = 17.6.33723.286
MinimumVisualStudioVersion = 10.0.40219.1
Project("{FAE04EC0-301F-11D3-BF4B-00C04F79EFBC}") = "ExoErrorHandler", "ExoErrorHandler\ExoErrorHandler.csproj", "{15E54D4E-EF38-4F1F-B064-CBB1945D370D}"
EndProject
Project("{FAE04EC0-301F-11D3-BF4B-00C04F79EFBC}") = "BAL", "BAL\BAL.csproj", "{F38FECE4-FA07-4CD2-B243-EA5EDC516E09}"
EndProject
Project("{FAE04EC0-301F-11D3-BF4B-00C04F79EFBC}") = "DAL", "DAL\DAL.csproj", "{C70E267B-3153-4A32-8C31-F9628D99604F}"
EndProject
Project("{FAE04EC0-301F-11D3-BF4B-00C04F79EFBC}") = "MODEL", "MODEL\MODEL.csproj", "{6D00196E-8019-4E9E-B584-7ADFC5E61A12}"
EndProject
Global
	GlobalSection(SolutionConfigurationPlatforms) = preSolution
		Debug|Any CPU = Debug|Any CPU
		Release|Any CPU = Release|Any CPU
	EndGlobalSection
	GlobalSection(ProjectConfigurationPlatforms) = postSolution
		{15E54D4E-EF38-4F1F-B064-CBB1945D370D}.Debug|Any CPU.ActiveCfg = Debug|Any CPU
		{15E54D4E-EF38-4F1F-B064-CBB1945D370D}.Debug|Any CPU.Build.0 = Debug|Any CPU
		{15E54D4E-EF38-4F1F-B064-CBB1945D370D}.Release|Any CPU.ActiveCfg = Release|Any CPU
		{15E54D4E-EF38-4F1F-B064-CBB1945D370D}.Release|Any CPU.Build.0 = Release|Any CPU
		{F38FECE4-FA07-4CD2-B243-EA5EDC516E09}.Debug|Any CPU.ActiveCfg = Debug|Any CPU
		{F38FECE4-FA07-4CD2-B243-EA5EDC516E09}.Debug|Any CPU.Build.0 = Debug|Any CPU
		{F38FECE4-FA07-4CD2-B243-EA5EDC516E09}.Release|Any CPU.ActiveCfg = Release|Any CPU
		{F38FECE4-FA07-4CD2-B243-EA5EDC516E09}.Release|Any CPU.Build.0 = Release|Any CPU
		{C70E267B-3153-4A32-8C31-F9628D99604F}.Debug|Any CPU.ActiveCfg = Debug|Any CPU
		{C70E267B-3153-4A32-8C31-F9628D99604F}.Debug|Any CPU.Build.0 = Debug|Any CPU
		{C70E267B-3153-4A32-8C31-F9628D99604F}.Release|Any CPU.ActiveCfg = Release|Any CPU
		{C70E267B-3153-4A32-8C31-F9628D99604F}.Release|Any CPU.Build.0 = Release|Any CPU
		{6D00196E-8019-4E9E-B584-7ADFC5E61A12}.Debug|Any CPU.ActiveCfg = Debug|Any CPU
		{6D00196E-8019-4E9E-B584-7ADFC5E61A12}.Debug|Any CPU.Build.0 = Debug|Any CPU
		{6D00196E-8019-4E9E-B584-7ADFC5E61A12}.Release|Any CPU.ActiveCfg = Release|Any CPU
		{6D00196E-8019-4E9E-B584-7ADFC5E61A12}.Release|Any CPU.Build.0 = Release|Any CPU
	EndGlobalSection
	GlobalSection(SolutionProperties) = preSolution
		HideSolutionNode = FALSE
	EndGlobalSection
	GlobalSection(ExtensibilityGlobals) = postSolution
		SolutionGuid = {6807E448-AB85-43FF-A553-645574F45C7E}
	EndGlobalSection
EndGlobal
